// !$*UTF8*$!
{
	archiveVersion = 1;
	classes = {
	};
	objectVersion = 48;
	objects = {

/* Begin PBXBuildFile section */
		1C4CB59B580AA4691B8F29D7 /* Pods_TheKey.framework in Frameworks */ = {isa = PBXBuildFile; fileRef = 1E590C373FE35CDB916FD3CA /* Pods_TheKey.framework */; };
		DB783EB620CDFE8900401FF8 /* AppDelegate.swift in Sources */ = {isa = PBXBuildFile; fileRef = DB783EB520CDFE8900401FF8 /* AppDelegate.swift */; };
		DB783EB820CDFE8900401FF8 /* LoginViewController.swift in Sources */ = {isa = PBXBuildFile; fileRef = DB783EB720CDFE8900401FF8 /* LoginViewController.swift */; };
		DB783EBB20CDFE8900401FF8 /* LoginViewController.storyboard in Resources */ = {isa = PBXBuildFile; fileRef = DB783EB920CDFE8900401FF8 /* LoginViewController.storyboard */; };
		DB783EBD20CDFE8900401FF8 /* Assets.xcassets in Resources */ = {isa = PBXBuildFile; fileRef = DB783EBC20CDFE8900401FF8 /* Assets.xcassets */; };
		DB783EC020CDFE8900401FF8 /* LaunchScreen.storyboard in Resources */ = {isa = PBXBuildFile; fileRef = DB783EBE20CDFE8900401FF8 /* LaunchScreen.storyboard */; };
/* End PBXBuildFile section */

/* Begin PBXFileReference section */
		1E590C373FE35CDB916FD3CA /* Pods_TheKey.framework */ = {isa = PBXFileReference; explicitFileType = wrapper.framework; includeInIndex = 0; path = Pods_TheKey.framework; sourceTree = BUILT_PRODUCTS_DIR; };
		B40A760382F462630C8D541B /* Pods-TheKey.release.xcconfig */ = {isa = PBXFileReference; includeInIndex = 1; lastKnownFileType = text.xcconfig; name = "Pods-TheKey.release.xcconfig"; path = "Pods/Target Support Files/Pods-TheKey/Pods-TheKey.release.xcconfig"; sourceTree = "<group>"; };
		DB783EB220CDFE8900401FF8 /* TheKey.app */ = {isa = PBXFileReference; explicitFileType = wrapper.application; includeInIndex = 0; path = TheKey.app; sourceTree = BUILT_PRODUCTS_DIR; };
		DB783EB520CDFE8900401FF8 /* AppDelegate.swift */ = {isa = PBXFileReference; lastKnownFileType = sourcecode.swift; path = AppDelegate.swift; sourceTree = "<group>"; };
		DB783EB720CDFE8900401FF8 /* LoginViewController.swift */ = {isa = PBXFileReference; lastKnownFileType = sourcecode.swift; path = LoginViewController.swift; sourceTree = "<group>"; };
		DB783EBA20CDFE8900401FF8 /* Base */ = {isa = PBXFileReference; lastKnownFileType = file.storyboard; name = Base; path = Base.lproj/LoginViewController.storyboard; sourceTree = "<group>"; };
		DB783EBC20CDFE8900401FF8 /* Assets.xcassets */ = {isa = PBXFileReference; lastKnownFileType = folder.assetcatalog; path = Assets.xcassets; sourceTree = "<group>"; };
		DB783EBF20CDFE8900401FF8 /* Base */ = {isa = PBXFileReference; lastKnownFileType = file.storyboard; name = Base; path = Base.lproj/LaunchScreen.storyboard; sourceTree = "<group>"; };
		DB783EC120CDFE8900401FF8 /* Info.plist */ = {isa = PBXFileReference; lastKnownFileType = text.plist.xml; path = Info.plist; sourceTree = "<group>"; };
		F09213EA2BFC12D5F771C808 /* Pods-TheKey.debug.xcconfig */ = {isa = PBXFileReference; includeInIndex = 1; lastKnownFileType = text.xcconfig; name = "Pods-TheKey.debug.xcconfig"; path = "Pods/Target Support Files/Pods-TheKey/Pods-TheKey.debug.xcconfig"; sourceTree = "<group>"; };
/* End PBXFileReference section */

/* Begin PBXFrameworksBuildPhase section */
		DB783EAF20CDFE8900401FF8 /* Frameworks */ = {
			isa = PBXFrameworksBuildPhase;
			buildActionMask = 2147483647;
			files = (
				1C4CB59B580AA4691B8F29D7 /* Pods_TheKey.framework in Frameworks */,
			);
			runOnlyForDeploymentPostprocessing = 0;
		};
/* End PBXFrameworksBuildPhase section */

/* Begin PBXGroup section */
		5D1BF1B354DD633AF61718E6 /* Pods */ = {
			isa = PBXGroup;
			children = (
				F09213EA2BFC12D5F771C808 /* Pods-TheKey.debug.xcconfig */,
				B40A760382F462630C8D541B /* Pods-TheKey.release.xcconfig */,
			);
			name = Pods;
			sourceTree = "<group>";
		};
		9B3D2E19400F52F545BE8964 /* Frameworks */ = {
			isa = PBXGroup;
			children = (
				1E590C373FE35CDB916FD3CA /* Pods_TheKey.framework */,
			);
			name = Frameworks;
			sourceTree = "<group>";
		};
		DB783EA920CDFE8900401FF8 = {
			isa = PBXGroup;
			children = (
				DB783EB420CDFE8900401FF8 /* TheKey */,
				DB783EB320CDFE8900401FF8 /* Products */,
				5D1BF1B354DD633AF61718E6 /* Pods */,
				9B3D2E19400F52F545BE8964 /* Frameworks */,
			);
			sourceTree = "<group>";
		};
		DB783EB320CDFE8900401FF8 /* Products */ = {
			isa = PBXGroup;
			children = (
				DB783EB220CDFE8900401FF8 /* TheKey.app */,
			);
			name = Products;
			sourceTree = "<group>";
		};
		DB783EB420CDFE8900401FF8 /* TheKey */ = {
			isa = PBXGroup;
			children = (
				DB783EB520CDFE8900401FF8 /* AppDelegate.swift */,
				DB783EB720CDFE8900401FF8 /* LoginViewController.swift */,
				DB783EB920CDFE8900401FF8 /* LoginViewController.storyboard */,
				DB783EBC20CDFE8900401FF8 /* Assets.xcassets */,
				DB783EBE20CDFE8900401FF8 /* LaunchScreen.storyboard */,
				DB783EC120CDFE8900401FF8 /* Info.plist */,
			);
			path = TheKey;
			sourceTree = "<group>";
		};
/* End PBXGroup section */

/* Begin PBXNativeTarget section */
		DB783EB120CDFE8900401FF8 /* TheKey */ = {
			isa = PBXNativeTarget;
			buildConfigurationList = DB783EC420CDFE8900401FF8 /* Build configuration list for PBXNativeTarget "TheKey" */;
			buildPhases = (
				6B13880886452C818C427429 /* [CP] Check Pods Manifest.lock */,
				DB783EAE20CDFE8900401FF8 /* Sources */,
				DB783EAF20CDFE8900401FF8 /* Frameworks */,
				DB783EB020CDFE8900401FF8 /* Resources */,
				129E3875BEA3A8F993E007AE /* [CP] Embed Pods Frameworks */,
				2467F115EDB35F9A37562B5D /* [CP] Copy Pods Resources */,
			);
			buildRules = (
			);
			dependencies = (
			);
			name = TheKey;
			productName = TheKey;
			productReference = DB783EB220CDFE8900401FF8 /* TheKey.app */;
			productType = "com.apple.product-type.application";
		};
/* End PBXNativeTarget section */

/* Begin PBXProject section */
		DB783EAA20CDFE8900401FF8 /* Project object */ = {
			isa = PBXProject;
			attributes = {
				LastSwiftUpdateCheck = 0910;
				LastUpgradeCheck = 0910;
				ORGANIZATIONNAME = gabrielVinagre;
				TargetAttributes = {
					DB783EB120CDFE8900401FF8 = {
						CreatedOnToolsVersion = 9.1;
						ProvisioningStyle = Automatic;
					};
				};
			};
			buildConfigurationList = DB783EAD20CDFE8900401FF8 /* Build configuration list for PBXProject "TheKey" */;
			compatibilityVersion = "Xcode 8.0";
			developmentRegion = en;
			hasScannedForEncodings = 0;
			knownRegions = (
				en,
				Base,
			);
			mainGroup = DB783EA920CDFE8900401FF8;
			productRefGroup = DB783EB320CDFE8900401FF8 /* Products */;
			projectDirPath = "";
			projectRoot = "";
			targets = (
				DB783EB120CDFE8900401FF8 /* TheKey */,
			);
		};
/* End PBXProject section */

/* Begin PBXResourcesBuildPhase section */
		DB783EB020CDFE8900401FF8 /* Resources */ = {
			isa = PBXResourcesBuildPhase;
			buildActionMask = 2147483647;
			files = (
				DB783EC020CDFE8900401FF8 /* LaunchScreen.storyboard in Resources */,
				DB783EBD20CDFE8900401FF8 /* Assets.xcassets in Resources */,
				DB783EBB20CDFE8900401FF8 /* LoginViewController.storyboard in Resources */,
			);
			runOnlyForDeploymentPostprocessing = 0;
		};
/* End PBXResourcesBuildPhase section */

/* Begin PBXShellScriptBuildPhase section */
		129E3875BEA3A8F993E007AE /* [CP] Embed Pods Frameworks */ = {
			isa = PBXShellScriptBuildPhase;
			buildActionMask = 2147483647;
			files = (
			);
			inputPaths = (
				"${SRCROOT}/Pods/Target Support Files/Pods-TheKey/Pods-TheKey-frameworks.sh",
				"${BUILT_PRODUCTS_DIR}/IHKeyboardAvoiding/IHKeyboardAvoiding.framework",
				"${BUILT_PRODUCTS_DIR}/Kingfisher/Kingfisher.framework",
			);
			name = "[CP] Embed Pods Frameworks";
			outputPaths = (
				"${TARGET_BUILD_DIR}/${FRAMEWORKS_FOLDER_PATH}/IHKeyboardAvoiding.framework",
				"${TARGET_BUILD_DIR}/${FRAMEWORKS_FOLDER_PATH}/Kingfisher.framework",
			);
			runOnlyForDeploymentPostprocessing = 0;
			shellPath = /bin/sh;
			shellScript = "\"${SRCROOT}/Pods/Target Support Files/Pods-TheKey/Pods-TheKey-frameworks.sh\"\n";
			showEnvVarsInLog = 0;
		};
		2467F115EDB35F9A37562B5D /* [CP] Copy Pods Resources */ = {
			isa = PBXShellScriptBuildPhase;
			buildActionMask = 2147483647;
			files = (
			);
			inputPaths = (
			);
			name = "[CP] Copy Pods Resources";
			outputPaths = (
			);
			runOnlyForDeploymentPostprocessing = 0;
			shellPath = /bin/sh;
			shellScript = "\"${SRCROOT}/Pods/Target Support Files/Pods-TheKey/Pods-TheKey-resources.sh\"\n";
			showEnvVarsInLog = 0;
		};
		6B13880886452C818C427429 /* [CP] Check Pods Manifest.lock */ = {
			isa = PBXShellScriptBuildPhase;
			buildActionMask = 2147483647;
			files = (
			);
			inputPaths = (
				"${PODS_PODFILE_DIR_PATH}/Podfile.lock",
				"${PODS_ROOT}/Manifest.lock",
			);
			name = "[CP] Check Pods Manifest.lock";
			outputPaths = (
				"$(DERIVED_FILE_DIR)/Pods-TheKey-checkManifestLockResult.txt",
			);
			runOnlyForDeploymentPostprocessing = 0;
			shellPath = /bin/sh;
			shellScript = "diff \"${PODS_PODFILE_DIR_PATH}/Podfile.lock\" \"${PODS_ROOT}/Manifest.lock\" > /dev/null\nif [ $? != 0 ] ; then\n    # print error to STDERR\n    echo \"error: The sandbox is not in sync with the Podfile.lock. Run 'pod install' or update your CocoaPods installation.\" >&2\n    exit 1\nfi\n# This output is used by Xcode 'outputs' to avoid re-running this script phase.\necho \"SUCCESS\" > \"${SCRIPT_OUTPUT_FILE_0}\"\n";
			showEnvVarsInLog = 0;
		};
/* End PBXShellScriptBuildPhase section */

/* Begin PBXSourcesBuildPhase section */
		DB783EAE20CDFE8900401FF8 /* Sources */ = {
			isa = PBXSourcesBuildPhase;
			buildActionMask = 2147483647;
			files = (
				DB783EB820CDFE8900401FF8 /* LoginViewController.swift in Sources */,
				DB783EB620CDFE8900401FF8 /* AppDelegate.swift in Sources */,
			);
			runOnlyForDeploymentPostprocessing = 0;
		};
/* End PBXSourcesBuildPhase section */

/* Begin PBXVariantGroup section */
		DB783EB920CDFE8900401FF8 /* LoginViewController.storyboard */ = {
			isa = PBXVariantGroup;
			children = (
				DB783EBA20CDFE8900401FF8 /* Base */,
			);
			name = LoginViewController.storyboard;
			sourceTree = "<group>";
		};
		DB783EBE20CDFE8900401FF8 /* LaunchScreen.storyboard */ = {
			isa = PBXVariantGroup;
			children = (
				DB783EBF20CDFE8900401FF8 /* Base */,
			);
			name = LaunchScreen.storyboard;
			sourceTree = "<group>";
		};
/* End PBXVariantGroup section */

/* Begin XCBuildConfiguration section */
		DB783EC220CDFE8900401FF8 /* Debug */ = {
			isa = XCBuildConfiguration;
			buildSettings = {
				ALWAYS_SEARCH_USER_PATHS = NO;
				CLANG_ANALYZER_NONNULL = YES;
				CLANG_ANALYZER_NUMBER_OBJECT_CONVERSION = YES_AGGRESSIVE;
				CLANG_CXX_LANGUAGE_STANDARD = "gnu++14";
				CLANG_CXX_LIBRARY = "libc++";
				CLANG_ENABLE_MODULES = YES;
				CLANG_ENABLE_OBJC_ARC = YES;
				CLANG_WARN_BLOCK_CAPTURE_AUTORELEASING = YES;
				CLANG_WARN_BOOL_CONVERSION = YES;
				CLANG_WARN_COMMA = YES;
				CLANG_WARN_CONSTANT_CONVERSION = YES;
				CLANG_WARN_DIRECT_OBJC_ISA_USAGE = YES_ERROR;
				CLANG_WARN_DOCUMENTATION_COMMENTS = YES;
				CLANG_WARN_EMPTY_BODY = YES;
				CLANG_WARN_ENUM_CONVERSION = YES;
				CLANG_WARN_INFINITE_RECURSION = YES;
				CLANG_WARN_INT_CONVERSION = YES;
				CLANG_WARN_NON_LITERAL_NULL_CONVERSION = YES;
				CLANG_WARN_OBJC_LITERAL_CONVERSION = YES;
				CLANG_WARN_OBJC_ROOT_CLASS = YES_ERROR;
				CLANG_WARN_RANGE_LOOP_ANALYSIS = YES;
				CLANG_WARN_STRICT_PROTOTYPES = YES;
				CLANG_WARN_SUSPICIOUS_MOVE = YES;
				CLANG_WARN_UNGUARDED_AVAILABILITY = YES_AGGRESSIVE;
				CLANG_WARN_UNREACHABLE_CODE = YES;
				CLANG_WARN__DUPLICATE_METHOD_MATCH = YES;
				CODE_SIGN_IDENTITY = "iPhone Developer";
				COPY_PHASE_STRIP = NO;
				DEBUG_INFORMATION_FORMAT = dwarf;
				ENABLE_STRICT_OBJC_MSGSEND = YES;
				ENABLE_TESTABILITY = YES;
				GCC_C_LANGUAGE_STANDARD = gnu11;
				GCC_DYNAMIC_NO_PIC = NO;
				GCC_NO_COMMON_BLOCKS = YES;
				GCC_OPTIMIZATION_LEVEL = 0;
				GCC_PREPROCESSOR_DEFINITIONS = (
					"DEBUG=1",
					"$(inherited)",
				);
				GCC_WARN_64_TO_32_BIT_CONVERSION = YES;
				GCC_WARN_ABOUT_RETURN_TYPE = YES_ERROR;
				GCC_WARN_UNDECLARED_SELECTOR = YES;
				GCC_WARN_UNINITIALIZED_AUTOS = YES_AGGRESSIVE;
				GCC_WARN_UNUSED_FUNCTION = YES;
				GCC_WARN_UNUSED_VARIABLE = YES;
				IPHONEOS_DEPLOYMENT_TARGET = 11.1;
				MTL_ENABLE_DEBUG_INFO = YES;
				ONLY_ACTIVE_ARCH = YES;
				SDKROOT = iphoneos;
				SWIFT_ACTIVE_COMPILATION_CONDITIONS = DEBUG;
				SWIFT_OPTIMIZATION_LEVEL = "-Onone";
			};
			name = Debug;
		};
		DB783EC320CDFE8900401FF8 /* Release */ = {
			isa = XCBuildConfiguration;
			buildSettings = {
				ALWAYS_SEARCH_USER_PATHS = NO;
				CLANG_ANALYZER_NONNULL = YES;
				CLANG_ANALYZER_NUMBER_OBJECT_CONVERSION = YES_AGGRESSIVE;
				CLANG_CXX_LANGUAGE_STANDARD = "gnu++14";
				CLANG_CXX_LIBRARY = "libc++";
				CLANG_ENABLE_MODULES = YES;
				CLANG_ENABLE_OBJC_ARC = YES;
				CLANG_WARN_BLOCK_CAPTURE_AUTORELEASING = YES;
				CLANG_WARN_BOOL_CONVERSION = YES;
				CLANG_WARN_COMMA = YES;
				CLANG_WARN_CONSTANT_CONVERSION = YES;
				CLANG_WARN_DIRECT_OBJC_ISA_USAGE = YES_ERROR;
				CLANG_WARN_DOCUMENTATION_COMMENTS = YES;
				CLANG_WARN_EMPTY_BODY = YES;
				CLANG_WARN_ENUM_CONVERSION = YES;
				CLANG_WARN_INFINITE_RECURSION = YES;
				CLANG_WARN_INT_CONVERSION = YES;
				CLANG_WARN_NON_LITERAL_NULL_CONVERSION = YES;
				CLANG_WARN_OBJC_LITERAL_CONVERSION = YES;
				CLANG_WARN_OBJC_ROOT_CLASS = YES_ERROR;
				CLANG_WARN_RANGE_LOOP_ANALYSIS = YES;
				CLANG_WARN_STRICT_PROTOTYPES = YES;
				CLANG_WARN_SUSPICIOUS_MOVE = YES;
				CLANG_WARN_UNGUARDED_AVAILABILITY = YES_AGGRESSIVE;
				CLANG_WARN_UNREACHABLE_CODE = YES;
				CLANG_WARN__DUPLICATE_METHOD_MATCH = YES;
				CODE_SIGN_IDENTITY = "iPhone Developer";
				COPY_PHASE_STRIP = NO;
				DEBUG_INFORMATION_FORMAT = "dwarf-with-dsym";
				ENABLE_NS_ASSERTIONS = NO;
				ENABLE_STRICT_OBJC_MSGSEND = YES;
				GCC_C_LANGUAGE_STANDARD = gnu11;
				GCC_NO_COMMON_BLOCKS = YES;
				GCC_WARN_64_TO_32_BIT_CONVERSION = YES;
				GCC_WARN_ABOUT_RETURN_TYPE = YES_ERROR;
				GCC_WARN_UNDECLARED_SELECTOR = YES;
				GCC_WARN_UNINITIALIZED_AUTOS = YES_AGGRESSIVE;
				GCC_WARN_UNUSED_FUNCTION = YES;
				GCC_WARN_UNUSED_VARIABLE = YES;
				IPHONEOS_DEPLOYMENT_TARGET = 11.1;
				MTL_ENABLE_DEBUG_INFO = NO;
				SDKROOT = iphoneos;
				SWIFT_OPTIMIZATION_LEVEL = "-Owholemodule";
				VALIDATE_PRODUCT = YES;
			};
			name = Release;
		};
		DB783EC520CDFE8900401FF8 /* Debug */ = {
			isa = XCBuildConfiguration;
			baseConfigurationReference = F09213EA2BFC12D5F771C808 /* Pods-TheKey.debug.xcconfig */;
			buildSettings = {
				ASSETCATALOG_COMPILER_APPICON_NAME = AppIcon;
				CODE_SIGN_STYLE = Automatic;
				DEVELOPMENT_TEAM = 4433HCMUDY;
				INFOPLIST_FILE = TheKey/Info.plist;
				LD_RUNPATH_SEARCH_PATHS = "$(inherited) @executable_path/Frameworks";
				PRODUCT_BUNDLE_IDENTIFIER = com.gabrielVinagre.TheKey;
				PRODUCT_NAME = "$(TARGET_NAME)";
				SWIFT_VERSION = 4.0;
				TARGETED_DEVICE_FAMILY = "1,2";
			};
			name = Debug;
		};
		DB783EC620CDFE8900401FF8 /* Release */ = {
			isa = XCBuildConfiguration;
			baseConfigurationReference = B40A760382F462630C8D541B /* Pods-TheKey.release.xcconfig */;
			buildSettings = {
				ASSETCATALOG_COMPILER_APPICON_NAME = AppIcon;
				CODE_SIGN_STYLE = Automatic;
				DEVELOPMENT_TEAM = 4433HCMUDY;
				INFOPLIST_FILE = TheKey/Info.plist;
				LD_RUNPATH_SEARCH_PATHS = "$(inherited) @executable_path/Frameworks";
				PRODUCT_BUNDLE_IDENTIFIER = com.gabrielVinagre.TheKey;
				PRODUCT_NAME = "$(TARGET_NAME)";
				SWIFT_VERSION = 4.0;
				TARGETED_DEVICE_FAMILY = "1,2";
			};
			name = Release;
		};
/* End XCBuildConfiguration section */

/* Begin XCConfigurationList section */
		DB783EAD20CDFE8900401FF8 /* Build configuration list for PBXProject "TheKey" */ = {
			isa = XCConfigurationList;
			buildConfigurations = (
				DB783EC220CDFE8900401FF8 /* Debug */,
				DB783EC320CDFE8900401FF8 /* Release */,
			);
			defaultConfigurationIsVisible = 0;
			defaultConfigurationName = Release;
		};
		DB783EC420CDFE8900401FF8 /* Build configuration list for PBXNativeTarget "TheKey" */ = {
			isa = XCConfigurationList;
			buildConfigurations = (
				DB783EC520CDFE8900401FF8 /* Debug */,
				DB783EC620CDFE8900401FF8 /* Release */,
			);
			defaultConfigurationIsVisible = 0;
			defaultConfigurationName = Release;
		};
/* End XCConfigurationList section */
	};
	rootObject = DB783EAA20CDFE8900401FF8 /* Project object */;
}
