// !$*UTF8*$!
{
	archiveVersion = 1;
	classes = {
	};
	objectVersion = 48;
	objects = {

/* Begin PBXBuildFile section */
		1C4CB59B580AA4691B8F29D7 /* Pods_TheKey.framework in Frameworks */ = {isa = PBXBuildFile; fileRef = 1E590C373FE35CDB916FD3CA /* Pods_TheKey.framework */; };
		DB034F4620D17CAE00576DC0 /* BaseViewController.swift in Sources */ = {isa = PBXBuildFile; fileRef = DB034F4520D17CAE00576DC0 /* BaseViewController.swift */; };
		DB034F4820D183A700576DC0 /* SecretDetailsViewController.storyboard in Resources */ = {isa = PBXBuildFile; fileRef = DB034F4720D183A700576DC0 /* SecretDetailsViewController.storyboard */; };
		DB034F4A20D19B7700576DC0 /* SecretDetailsImageAndButtonTableViewCell.swift in Sources */ = {isa = PBXBuildFile; fileRef = DB034F4920D19B7700576DC0 /* SecretDetailsImageAndButtonTableViewCell.swift */; };
		DB034F4C20D19CC500576DC0 /* SecretDetailsPasswordTableViewCell.swift in Sources */ = {isa = PBXBuildFile; fileRef = DB034F4B20D19CC500576DC0 /* SecretDetailsPasswordTableViewCell.swift */; };
		DB034F4E20D19E4200576DC0 /* SecretDetailsViewController.swift in Sources */ = {isa = PBXBuildFile; fileRef = DB034F4D20D19E4200576DC0 /* SecretDetailsViewController.swift */; };
		DB034F5020D1C36700576DC0 /* NewSecretViewController.swift in Sources */ = {isa = PBXBuildFile; fileRef = DB034F4F20D1C36700576DC0 /* NewSecretViewController.swift */; };
		DB034F5220D1C38400576DC0 /* NewSecretViewController.storyboard in Resources */ = {isa = PBXBuildFile; fileRef = DB034F5120D1C38400576DC0 /* NewSecretViewController.storyboard */; };
		DB034F5420D2CB5D00576DC0 /* ResponseModel.swift in Sources */ = {isa = PBXBuildFile; fileRef = DB034F5320D2CB5D00576DC0 /* ResponseModel.swift */; };
		DB034F5620D3155200576DC0 /* DataManager.swift in Sources */ = {isa = PBXBuildFile; fileRef = DB034F5520D3155200576DC0 /* DataManager.swift */; };
		DB6E2E5820D22B3E0073F54C /* RequestManager.swift in Sources */ = {isa = PBXBuildFile; fileRef = DB6E2E5720D22B3E0073F54C /* RequestManager.swift */; };
		DB6E2E5A20D22B4A0073F54C /* TokenManager.swift in Sources */ = {isa = PBXBuildFile; fileRef = DB6E2E5920D22B4A0073F54C /* TokenManager.swift */; };
		DB6E2E5C20D237A80073F54C /* URLs.swift in Sources */ = {isa = PBXBuildFile; fileRef = DB6E2E5B20D237A80073F54C /* URLs.swift */; };
		DB6E2E6020D38D070073F54C /* AuthenticationManager.swift in Sources */ = {isa = PBXBuildFile; fileRef = DB6E2E5F20D38D070073F54C /* AuthenticationManager.swift */; };
		DB783EB620CDFE8900401FF8 /* AppDelegate.swift in Sources */ = {isa = PBXBuildFile; fileRef = DB783EB520CDFE8900401FF8 /* AppDelegate.swift */; };
		DB783EB820CDFE8900401FF8 /* LoginViewController.swift in Sources */ = {isa = PBXBuildFile; fileRef = DB783EB720CDFE8900401FF8 /* LoginViewController.swift */; };
		DB783EBB20CDFE8900401FF8 /* LoginViewController.storyboard in Resources */ = {isa = PBXBuildFile; fileRef = DB783EB920CDFE8900401FF8 /* LoginViewController.storyboard */; };
		DB783EBD20CDFE8900401FF8 /* Assets.xcassets in Resources */ = {isa = PBXBuildFile; fileRef = DB783EBC20CDFE8900401FF8 /* Assets.xcassets */; };
		DB783EC020CDFE8900401FF8 /* LaunchScreen.storyboard in Resources */ = {isa = PBXBuildFile; fileRef = DB783EBE20CDFE8900401FF8 /* LaunchScreen.storyboard */; };
		DB783ECB20CE395800401FF8 /* Secret.swift in Sources */ = {isa = PBXBuildFile; fileRef = DB783ECA20CE395800401FF8 /* Secret.swift */; };
		DB783ECE20CE3FC100401FF8 /* String.swift in Sources */ = {isa = PBXBuildFile; fileRef = DB783ECD20CE3FC100401FF8 /* String.swift */; };
		DB783ED020CE46D700401FF8 /* UserInfo.swift in Sources */ = {isa = PBXBuildFile; fileRef = DB783ECF20CE46D700401FF8 /* UserInfo.swift */; };
		DBC5FB3B20D0E20900666634 /* UIColor.swift in Sources */ = {isa = PBXBuildFile; fileRef = DBC5FB3A20D0E20900666634 /* UIColor.swift */; };
		DBC5FB3D20D0E65900666634 /* SecretsViewController.swift in Sources */ = {isa = PBXBuildFile; fileRef = DBC5FB3C20D0E65900666634 /* SecretsViewController.swift */; };
		DBC5FB3F20D0E67C00666634 /* SecretsViewController.storyboard in Resources */ = {isa = PBXBuildFile; fileRef = DBC5FB3E20D0E67C00666634 /* SecretsViewController.storyboard */; };
		DBC5FB4220D0EC9B00666634 /* SecretTableViewCell.swift in Sources */ = {isa = PBXBuildFile; fileRef = DBC5FB4120D0EC9B00666634 /* SecretTableViewCell.swift */; };
		DBC5FB4420D0ED9300666634 /* NoSecretsTableViewCell.swift in Sources */ = {isa = PBXBuildFile; fileRef = DBC5FB4320D0ED9300666634 /* NoSecretsTableViewCell.swift */; };
		DBC5FB4620D1E8C900666634 /* NewSecretTableViewCell.swift in Sources */ = {isa = PBXBuildFile; fileRef = DBC5FB4520D1E8C900666634 /* NewSecretTableViewCell.swift */; };
		DBC5FB4820D21A7400666634 /* CreateNewAccountViewController.swift in Sources */ = {isa = PBXBuildFile; fileRef = DBC5FB4720D21A7400666634 /* CreateNewAccountViewController.swift */; };
		DBC5FB4A20D21ABE00666634 /* CreateNewAccountViewController.storyboard in Resources */ = {isa = PBXBuildFile; fileRef = DBC5FB4920D21ABE00666634 /* CreateNewAccountViewController.storyboard */; };
/* End PBXBuildFile section */

/* Begin PBXFileReference section */
		1E590C373FE35CDB916FD3CA /* Pods_TheKey.framework */ = {isa = PBXFileReference; explicitFileType = wrapper.framework; includeInIndex = 0; path = Pods_TheKey.framework; sourceTree = BUILT_PRODUCTS_DIR; };
		B40A760382F462630C8D541B /* Pods-TheKey.release.xcconfig */ = {isa = PBXFileReference; includeInIndex = 1; lastKnownFileType = text.xcconfig; name = "Pods-TheKey.release.xcconfig"; path = "Pods/Target Support Files/Pods-TheKey/Pods-TheKey.release.xcconfig"; sourceTree = "<group>"; };
		DB034F4520D17CAE00576DC0 /* BaseViewController.swift */ = {isa = PBXFileReference; lastKnownFileType = sourcecode.swift; path = BaseViewController.swift; sourceTree = "<group>"; };
		DB034F4720D183A700576DC0 /* SecretDetailsViewController.storyboard */ = {isa = PBXFileReference; lastKnownFileType = file.storyboard; path = SecretDetailsViewController.storyboard; sourceTree = "<group>"; };
		DB034F4920D19B7700576DC0 /* SecretDetailsImageAndButtonTableViewCell.swift */ = {isa = PBXFileReference; lastKnownFileType = sourcecode.swift; path = SecretDetailsImageAndButtonTableViewCell.swift; sourceTree = "<group>"; };
		DB034F4B20D19CC500576DC0 /* SecretDetailsPasswordTableViewCell.swift */ = {isa = PBXFileReference; lastKnownFileType = sourcecode.swift; path = SecretDetailsPasswordTableViewCell.swift; sourceTree = "<group>"; };
		DB034F4D20D19E4200576DC0 /* SecretDetailsViewController.swift */ = {isa = PBXFileReference; lastKnownFileType = sourcecode.swift; path = SecretDetailsViewController.swift; sourceTree = "<group>"; };
		DB034F4F20D1C36700576DC0 /* NewSecretViewController.swift */ = {isa = PBXFileReference; lastKnownFileType = sourcecode.swift; path = NewSecretViewController.swift; sourceTree = "<group>"; };
		DB034F5120D1C38400576DC0 /* NewSecretViewController.storyboard */ = {isa = PBXFileReference; lastKnownFileType = file.storyboard; path = NewSecretViewController.storyboard; sourceTree = "<group>"; };
		DB034F5320D2CB5D00576DC0 /* ResponseModel.swift */ = {isa = PBXFileReference; lastKnownFileType = sourcecode.swift; path = ResponseModel.swift; sourceTree = "<group>"; };
		DB034F5520D3155200576DC0 /* DataManager.swift */ = {isa = PBXFileReference; lastKnownFileType = sourcecode.swift; path = DataManager.swift; sourceTree = "<group>"; };
		DB6E2E5720D22B3E0073F54C /* RequestManager.swift */ = {isa = PBXFileReference; lastKnownFileType = sourcecode.swift; path = RequestManager.swift; sourceTree = "<group>"; };
		DB6E2E5920D22B4A0073F54C /* TokenManager.swift */ = {isa = PBXFileReference; lastKnownFileType = sourcecode.swift; path = TokenManager.swift; sourceTree = "<group>"; };
		DB6E2E5B20D237A80073F54C /* URLs.swift */ = {isa = PBXFileReference; lastKnownFileType = sourcecode.swift; path = URLs.swift; sourceTree = "<group>"; };
		DB6E2E5F20D38D070073F54C /* AuthenticationManager.swift */ = {isa = PBXFileReference; lastKnownFileType = sourcecode.swift; path = AuthenticationManager.swift; sourceTree = "<group>"; };
		DB783EB220CDFE8900401FF8 /* TheKey.app */ = {isa = PBXFileReference; explicitFileType = wrapper.application; includeInIndex = 0; path = TheKey.app; sourceTree = BUILT_PRODUCTS_DIR; };
		DB783EB520CDFE8900401FF8 /* AppDelegate.swift */ = {isa = PBXFileReference; lastKnownFileType = sourcecode.swift; path = AppDelegate.swift; sourceTree = "<group>"; };
		DB783EB720CDFE8900401FF8 /* LoginViewController.swift */ = {isa = PBXFileReference; lastKnownFileType = sourcecode.swift; path = LoginViewController.swift; sourceTree = "<group>"; };
		DB783EBA20CDFE8900401FF8 /* Base */ = {isa = PBXFileReference; lastKnownFileType = file.storyboard; name = Base; path = Base.lproj/LoginViewController.storyboard; sourceTree = "<group>"; };
		DB783EBC20CDFE8900401FF8 /* Assets.xcassets */ = {isa = PBXFileReference; lastKnownFileType = folder.assetcatalog; path = Assets.xcassets; sourceTree = "<group>"; };
		DB783EBF20CDFE8900401FF8 /* Base */ = {isa = PBXFileReference; lastKnownFileType = file.storyboard; name = Base; path = Base.lproj/LaunchScreen.storyboard; sourceTree = "<group>"; };
		DB783EC120CDFE8900401FF8 /* Info.plist */ = {isa = PBXFileReference; lastKnownFileType = text.plist.xml; path = Info.plist; sourceTree = "<group>"; };
		DB783ECA20CE395800401FF8 /* Secret.swift */ = {isa = PBXFileReference; lastKnownFileType = sourcecode.swift; path = Secret.swift; sourceTree = "<group>"; };
		DB783ECD20CE3FC100401FF8 /* String.swift */ = {isa = PBXFileReference; lastKnownFileType = sourcecode.swift; path = String.swift; sourceTree = "<group>"; };
		DB783ECF20CE46D700401FF8 /* UserInfo.swift */ = {isa = PBXFileReference; lastKnownFileType = sourcecode.swift; path = UserInfo.swift; sourceTree = "<group>"; };
		DBC5FB3A20D0E20900666634 /* UIColor.swift */ = {isa = PBXFileReference; lastKnownFileType = sourcecode.swift; path = UIColor.swift; sourceTree = "<group>"; };
		DBC5FB3C20D0E65900666634 /* SecretsViewController.swift */ = {isa = PBXFileReference; lastKnownFileType = sourcecode.swift; path = SecretsViewController.swift; sourceTree = "<group>"; };
		DBC5FB3E20D0E67C00666634 /* SecretsViewController.storyboard */ = {isa = PBXFileReference; lastKnownFileType = file.storyboard; path = SecretsViewController.storyboard; sourceTree = "<group>"; };
		DBC5FB4120D0EC9B00666634 /* SecretTableViewCell.swift */ = {isa = PBXFileReference; lastKnownFileType = sourcecode.swift; path = SecretTableViewCell.swift; sourceTree = "<group>"; };
		DBC5FB4320D0ED9300666634 /* NoSecretsTableViewCell.swift */ = {isa = PBXFileReference; lastKnownFileType = sourcecode.swift; path = NoSecretsTableViewCell.swift; sourceTree = "<group>"; };
		DBC5FB4520D1E8C900666634 /* NewSecretTableViewCell.swift */ = {isa = PBXFileReference; lastKnownFileType = sourcecode.swift; path = NewSecretTableViewCell.swift; sourceTree = "<group>"; };
		DBC5FB4720D21A7400666634 /* CreateNewAccountViewController.swift */ = {isa = PBXFileReference; lastKnownFileType = sourcecode.swift; path = CreateNewAccountViewController.swift; sourceTree = "<group>"; };
		DBC5FB4920D21ABE00666634 /* CreateNewAccountViewController.storyboard */ = {isa = PBXFileReference; lastKnownFileType = file.storyboard; path = CreateNewAccountViewController.storyboard; sourceTree = "<group>"; };
		F09213EA2BFC12D5F771C808 /* Pods-TheKey.debug.xcconfig */ = {isa = PBXFileReference; includeInIndex = 1; lastKnownFileType = text.xcconfig; name = "Pods-TheKey.debug.xcconfig"; path = "Pods/Target Support Files/Pods-TheKey/Pods-TheKey.debug.xcconfig"; sourceTree = "<group>"; };
/* End PBXFileReference section */

/* Begin PBXFrameworksBuildPhase section */
		DB783EAF20CDFE8900401FF8 /* Frameworks */ = {
			isa = PBXFrameworksBuildPhase;
			buildActionMask = 2147483647;
			files = (
				1C4CB59B580AA4691B8F29D7 /* Pods_TheKey.framework in Frameworks */,
			);
			runOnlyForDeploymentPostprocessing = 0;
		};
/* End PBXFrameworksBuildPhase section */

/* Begin PBXGroup section */
		5D1BF1B354DD633AF61718E6 /* Pods */ = {
			isa = PBXGroup;
			children = (
				F09213EA2BFC12D5F771C808 /* Pods-TheKey.debug.xcconfig */,
				B40A760382F462630C8D541B /* Pods-TheKey.release.xcconfig */,
			);
			name = Pods;
			sourceTree = "<group>";
		};
		9B3D2E19400F52F545BE8964 /* Frameworks */ = {
			isa = PBXGroup;
			children = (
				1E590C373FE35CDB916FD3CA /* Pods_TheKey.framework */,
			);
			name = Frameworks;
			sourceTree = "<group>";
		};
		DB6E2E5520D22B020073F54C /* ViewControllers */ = {
			isa = PBXGroup;
			children = (
				DB783EB720CDFE8900401FF8 /* LoginViewController.swift */,
				DB034F4520D17CAE00576DC0 /* BaseViewController.swift */,
				DBC5FB4720D21A7400666634 /* CreateNewAccountViewController.swift */,
				DB034F4D20D19E4200576DC0 /* SecretDetailsViewController.swift */,
				DB034F4F20D1C36700576DC0 /* NewSecretViewController.swift */,
				DBC5FB3C20D0E65900666634 /* SecretsViewController.swift */,
			);
			path = ViewControllers;
			sourceTree = "<group>";
		};
		DB6E2E5620D22B140073F54C /* APIManager */ = {
			isa = PBXGroup;
			children = (
				DB6E2E5720D22B3E0073F54C /* RequestManager.swift */,
				DB6E2E5B20D237A80073F54C /* URLs.swift */,
				DB6E2E5920D22B4A0073F54C /* TokenManager.swift */,
			);
			path = APIManager;
			sourceTree = "<group>";
		};
		DB783EA920CDFE8900401FF8 = {
			isa = PBXGroup;
			children = (
				DB783EB420CDFE8900401FF8 /* TheKey */,
				DB783EB320CDFE8900401FF8 /* Products */,
				5D1BF1B354DD633AF61718E6 /* Pods */,
				9B3D2E19400F52F545BE8964 /* Frameworks */,
			);
			sourceTree = "<group>";
		};
		DB783EB320CDFE8900401FF8 /* Products */ = {
			isa = PBXGroup;
			children = (
				DB783EB220CDFE8900401FF8 /* TheKey.app */,
			);
			name = Products;
			sourceTree = "<group>";
		};
		DB783EB420CDFE8900401FF8 /* TheKey */ = {
			isa = PBXGroup;
			children = (
				DB783EB520CDFE8900401FF8 /* AppDelegate.swift */,
				DB783EC720CE389600401FF8 /* Model */,
				DB783EC820CE38AF00401FF8 /* View */,
				DB783EC920CE38BF00401FF8 /* Controller */,
				DB783ECC20CE3FAA00401FF8 /* Extensions */,
				DB783EBC20CDFE8900401FF8 /* Assets.xcassets */,
				DB783EC120CDFE8900401FF8 /* Info.plist */,
			);
			path = TheKey;
			sourceTree = "<group>";
		};
		DB783EC720CE389600401FF8 /* Model */ = {
			isa = PBXGroup;
			children = (
				DB783ECA20CE395800401FF8 /* Secret.swift */,
				DB783ECF20CE46D700401FF8 /* UserInfo.swift */,
				DB034F5320D2CB5D00576DC0 /* ResponseModel.swift */,
			);
			path = Model;
			sourceTree = "<group>";
		};
		DB783EC820CE38AF00401FF8 /* View */ = {
			isa = PBXGroup;
			children = (
				DB783EBE20CDFE8900401FF8 /* LaunchScreen.storyboard */,
				DB783EB920CDFE8900401FF8 /* LoginViewController.storyboard */,
				DBC5FB3E20D0E67C00666634 /* SecretsViewController.storyboard */,
				DB034F4720D183A700576DC0 /* SecretDetailsViewController.storyboard */,
				DB034F5120D1C38400576DC0 /* NewSecretViewController.storyboard */,
				DBC5FB4920D21ABE00666634 /* CreateNewAccountViewController.storyboard */,
			);
			path = View;
			sourceTree = "<group>";
		};
		DB783EC920CE38BF00401FF8 /* Controller */ = {
			isa = PBXGroup;
			children = (
				DBC5FB4020D0EC6F00666634 /* cells */,
				DB6E2E5520D22B020073F54C /* ViewControllers */,
				DB6E2E5620D22B140073F54C /* APIManager */,
				DB034F5520D3155200576DC0 /* DataManager.swift */,
				DB6E2E5F20D38D070073F54C /* AuthenticationManager.swift */,
			);
			path = Controller;
			sourceTree = "<group>";
		};
		DB783ECC20CE3FAA00401FF8 /* Extensions */ = {
			isa = PBXGroup;
			children = (
				DB783ECD20CE3FC100401FF8 /* String.swift */,
				DBC5FB3A20D0E20900666634 /* UIColor.swift */,
			);
			path = Extensions;
			sourceTree = "<group>";
		};
		DBC5FB4020D0EC6F00666634 /* cells */ = {
			isa = PBXGroup;
			children = (
				DBC5FB4120D0EC9B00666634 /* SecretTableViewCell.swift */,
				DB034F4920D19B7700576DC0 /* SecretDetailsImageAndButtonTableViewCell.swift */,
				DB034F4B20D19CC500576DC0 /* SecretDetailsPasswordTableViewCell.swift */,
				DBC5FB4520D1E8C900666634 /* NewSecretTableViewCell.swift */,
				DBC5FB4320D0ED9300666634 /* NoSecretsTableViewCell.swift */,
			);
			path = cells;
			sourceTree = "<group>";
		};
/* End PBXGroup section */

/* Begin PBXNativeTarget section */
		DB783EB120CDFE8900401FF8 /* TheKey */ = {
			isa = PBXNativeTarget;
			buildConfigurationList = DB783EC420CDFE8900401FF8 /* Build configuration list for PBXNativeTarget "TheKey" */;
			buildPhases = (
				6B13880886452C818C427429 /* [CP] Check Pods Manifest.lock */,
				DB783EAE20CDFE8900401FF8 /* Sources */,
				DB783EAF20CDFE8900401FF8 /* Frameworks */,
				DB783EB020CDFE8900401FF8 /* Resources */,
				129E3875BEA3A8F993E007AE /* [CP] Embed Pods Frameworks */,
			);
			buildRules = (
			);
			dependencies = (
			);
			name = TheKey;
			productName = TheKey;
			productReference = DB783EB220CDFE8900401FF8 /* TheKey.app */;
			productType = "com.apple.product-type.application";
		};
/* End PBXNativeTarget section */

/* Begin PBXProject section */
		DB783EAA20CDFE8900401FF8 /* Project object */ = {
			isa = PBXProject;
			attributes = {
				LastSwiftUpdateCheck = 0910;
				LastUpgradeCheck = 0910;
				ORGANIZATIONNAME = gabrielVinagre;
				TargetAttributes = {
					DB783EB120CDFE8900401FF8 = {
						CreatedOnToolsVersion = 9.1;
						ProvisioningStyle = Automatic;
					};
				};
			};
			buildConfigurationList = DB783EAD20CDFE8900401FF8 /* Build configuration list for PBXProject "TheKey" */;
			compatibilityVersion = "Xcode 8.0";
			developmentRegion = en;
			hasScannedForEncodings = 0;
			knownRegions = (
				en,
				Base,
			);
			mainGroup = DB783EA920CDFE8900401FF8;
			productRefGroup = DB783EB320CDFE8900401FF8 /* Products */;
			projectDirPath = "";
			projectRoot = "";
			targets = (
				DB783EB120CDFE8900401FF8 /* TheKey */,
			);
		};
/* End PBXProject section */

/* Begin PBXResourcesBuildPhase section */
		DB783EB020CDFE8900401FF8 /* Resources */ = {
			isa = PBXResourcesBuildPhase;
			buildActionMask = 2147483647;
			files = (
				DB034F5220D1C38400576DC0 /* NewSecretViewController.storyboard in Resources */,
				DB034F4820D183A700576DC0 /* SecretDetailsViewController.storyboard in Resources */,
				DBC5FB3F20D0E67C00666634 /* SecretsViewController.storyboard in Resources */,
				DB783EC020CDFE8900401FF8 /* LaunchScreen.storyboard in Resources */,
				DB783EBD20CDFE8900401FF8 /* Assets.xcassets in Resources */,
				DBC5FB4A20D21ABE00666634 /* CreateNewAccountViewController.storyboard in Resources */,
				DB783EBB20CDFE8900401FF8 /* LoginViewController.storyboard in Resources */,
			);
			runOnlyForDeploymentPostprocessing = 0;
		};
/* End PBXResourcesBuildPhase section */

/* Begin PBXShellScriptBuildPhase section */
		129E3875BEA3A8F993E007AE /* [CP] Embed Pods Frameworks */ = {
			isa = PBXShellScriptBuildPhase;
			buildActionMask = 2147483647;
			files = (
			);
			inputPaths = (
				"${SRCROOT}/Pods/Target Support Files/Pods-TheKey/Pods-TheKey-frameworks.sh",
				"${BUILT_PRODUCTS_DIR}/Alamofire/Alamofire.framework",
				"${BUILT_PRODUCTS_DIR}/IHKeyboardAvoiding/IHKeyboardAvoiding.framework",
				"${BUILT_PRODUCTS_DIR}/KeychainSwift/KeychainSwift.framework",
				"${BUILT_PRODUCTS_DIR}/Kingfisher/Kingfisher.framework",
			);
			name = "[CP] Embed Pods Frameworks";
			outputPaths = (
				"${TARGET_BUILD_DIR}/${FRAMEWORKS_FOLDER_PATH}/Alamofire.framework",
				"${TARGET_BUILD_DIR}/${FRAMEWORKS_FOLDER_PATH}/IHKeyboardAvoiding.framework",
				"${TARGET_BUILD_DIR}/${FRAMEWORKS_FOLDER_PATH}/KeychainSwift.framework",
				"${TARGET_BUILD_DIR}/${FRAMEWORKS_FOLDER_PATH}/Kingfisher.framework",
			);
			runOnlyForDeploymentPostprocessing = 0;
			shellPath = /bin/sh;
			shellScript = "\"${SRCROOT}/Pods/Target Support Files/Pods-TheKey/Pods-TheKey-frameworks.sh\"\n";
			showEnvVarsInLog = 0;
		};
		6B13880886452C818C427429 /* [CP] Check Pods Manifest.lock */ = {
			isa = PBXShellScriptBuildPhase;
			buildActionMask = 2147483647;
			files = (
			);
			inputPaths = (
				"${PODS_PODFILE_DIR_PATH}/Podfile.lock",
				"${PODS_ROOT}/Manifest.lock",
			);
			name = "[CP] Check Pods Manifest.lock";
			outputPaths = (
				"$(DERIVED_FILE_DIR)/Pods-TheKey-checkManifestLockResult.txt",
			);
			runOnlyForDeploymentPostprocessing = 0;
			shellPath = /bin/sh;
			shellScript = "diff \"${PODS_PODFILE_DIR_PATH}/Podfile.lock\" \"${PODS_ROOT}/Manifest.lock\" > /dev/null\nif [ $? != 0 ] ; then\n    # print error to STDERR\n    echo \"error: The sandbox is not in sync with the Podfile.lock. Run 'pod install' or update your CocoaPods installation.\" >&2\n    exit 1\nfi\n# This output is used by Xcode 'outputs' to avoid re-running this script phase.\necho \"SUCCESS\" > \"${SCRIPT_OUTPUT_FILE_0}\"\n";
			showEnvVarsInLog = 0;
		};
/* End PBXShellScriptBuildPhase section */

/* Begin PBXSourcesBuildPhase section */
		DB783EAE20CDFE8900401FF8 /* Sources */ = {
			isa = PBXSourcesBuildPhase;
			buildActionMask = 2147483647;
			files = (
				DB6E2E5820D22B3E0073F54C /* RequestManager.swift in Sources */,
				DB6E2E5A20D22B4A0073F54C /* TokenManager.swift in Sources */,
				DB783EB820CDFE8900401FF8 /* LoginViewController.swift in Sources */,
				DB034F5020D1C36700576DC0 /* NewSecretViewController.swift in Sources */,
				DBC5FB4620D1E8C900666634 /* NewSecretTableViewCell.swift in Sources */,
				DB034F4C20D19CC500576DC0 /* SecretDetailsPasswordTableViewCell.swift in Sources */,
				DBC5FB3D20D0E65900666634 /* SecretsViewController.swift in Sources */,
				DBC5FB3B20D0E20900666634 /* UIColor.swift in Sources */,
				DB783ECB20CE395800401FF8 /* Secret.swift in Sources */,
				DB783ECE20CE3FC100401FF8 /* String.swift in Sources */,
				DB034F5620D3155200576DC0 /* DataManager.swift in Sources */,
				DB034F4620D17CAE00576DC0 /* BaseViewController.swift in Sources */,
				DBC5FB4820D21A7400666634 /* CreateNewAccountViewController.swift in Sources */,
				DBC5FB4220D0EC9B00666634 /* SecretTableViewCell.swift in Sources */,
				DBC5FB4420D0ED9300666634 /* NoSecretsTableViewCell.swift in Sources */,
				DB783ED020CE46D700401FF8 /* UserInfo.swift in Sources */,
				DB034F4A20D19B7700576DC0 /* SecretDetailsImageAndButtonTableViewCell.swift in Sources */,
				DB034F4E20D19E4200576DC0 /* SecretDetailsViewController.swift in Sources */,
				DB6E2E5C20D237A80073F54C /* URLs.swift in Sources */,
				DB034F5420D2CB5D00576DC0 /* ResponseModel.swift in Sources */,
				DB6E2E6020D38D070073F54C /* AuthenticationManager.swift in Sources */,
				DB783EB620CDFE8900401FF8 /* AppDelegate.swift in Sources */,
			);
			runOnlyForDeploymentPostprocessing = 0;
		};
/* End PBXSourcesBuildPhase section */

/* Begin PBXVariantGroup section */
		DB783EB920CDFE8900401FF8 /* LoginViewController.storyboard */ = {
			isa = PBXVariantGroup;
			children = (
				DB783EBA20CDFE8900401FF8 /* Base */,
			);
			name = LoginViewController.storyboard;
			sourceTree = "<group>";
		};
		DB783EBE20CDFE8900401FF8 /* LaunchScreen.storyboard */ = {
			isa = PBXVariantGroup;
			children = (
				DB783EBF20CDFE8900401FF8 /* Base */,
			);
			name = LaunchScreen.storyboard;
			sourceTree = "<group>";
		};
/* End PBXVariantGroup section */

/* Begin XCBuildConfiguration section */
		DB783EC220CDFE8900401FF8 /* Debug */ = {
			isa = XCBuildConfiguration;
			buildSettings = {
				ALWAYS_SEARCH_USER_PATHS = NO;
				CLANG_ANALYZER_NONNULL = YES;
				CLANG_ANALYZER_NUMBER_OBJECT_CONVERSION = YES_AGGRESSIVE;
				CLANG_CXX_LANGUAGE_STANDARD = "gnu++14";
				CLANG_CXX_LIBRARY = "libc++";
				CLANG_ENABLE_MODULES = YES;
				CLANG_ENABLE_OBJC_ARC = YES;
				CLANG_WARN_BLOCK_CAPTURE_AUTORELEASING = YES;
				CLANG_WARN_BOOL_CONVERSION = YES;
				CLANG_WARN_COMMA = YES;
				CLANG_WARN_CONSTANT_CONVERSION = YES;
				CLANG_WARN_DIRECT_OBJC_ISA_USAGE = YES_ERROR;
				CLANG_WARN_DOCUMENTATION_COMMENTS = YES;
				CLANG_WARN_EMPTY_BODY = YES;
				CLANG_WARN_ENUM_CONVERSION = YES;
				CLANG_WARN_INFINITE_RECURSION = YES;
				CLANG_WARN_INT_CONVERSION = YES;
				CLANG_WARN_NON_LITERAL_NULL_CONVERSION = YES;
				CLANG_WARN_OBJC_LITERAL_CONVERSION = YES;
				CLANG_WARN_OBJC_ROOT_CLASS = YES_ERROR;
				CLANG_WARN_RANGE_LOOP_ANALYSIS = YES;
				CLANG_WARN_STRICT_PROTOTYPES = YES;
				CLANG_WARN_SUSPICIOUS_MOVE = YES;
				CLANG_WARN_UNGUARDED_AVAILABILITY = YES_AGGRESSIVE;
				CLANG_WARN_UNREACHABLE_CODE = YES;
				CLANG_WARN__DUPLICATE_METHOD_MATCH = YES;
				CODE_SIGN_IDENTITY = "iPhone Developer";
				COPY_PHASE_STRIP = NO;
				DEBUG_INFORMATION_FORMAT = dwarf;
				ENABLE_STRICT_OBJC_MSGSEND = YES;
				ENABLE_TESTABILITY = YES;
				GCC_C_LANGUAGE_STANDARD = gnu11;
				GCC_DYNAMIC_NO_PIC = NO;
				GCC_NO_COMMON_BLOCKS = YES;
				GCC_OPTIMIZATION_LEVEL = 0;
				GCC_PREPROCESSOR_DEFINITIONS = (
					"DEBUG=1",
					"$(inherited)",
				);
				GCC_WARN_64_TO_32_BIT_CONVERSION = YES;
				GCC_WARN_ABOUT_RETURN_TYPE = YES_ERROR;
				GCC_WARN_UNDECLARED_SELECTOR = YES;
				GCC_WARN_UNINITIALIZED_AUTOS = YES_AGGRESSIVE;
				GCC_WARN_UNUSED_FUNCTION = YES;
				GCC_WARN_UNUSED_VARIABLE = YES;
				IPHONEOS_DEPLOYMENT_TARGET = 11.1;
				MTL_ENABLE_DEBUG_INFO = YES;
				ONLY_ACTIVE_ARCH = YES;
				SDKROOT = iphoneos;
				SWIFT_ACTIVE_COMPILATION_CONDITIONS = DEBUG;
				SWIFT_OPTIMIZATION_LEVEL = "-Onone";
			};
			name = Debug;
		};
		DB783EC320CDFE8900401FF8 /* Release */ = {
			isa = XCBuildConfiguration;
			buildSettings = {
				ALWAYS_SEARCH_USER_PATHS = NO;
				CLANG_ANALYZER_NONNULL = YES;
				CLANG_ANALYZER_NUMBER_OBJECT_CONVERSION = YES_AGGRESSIVE;
				CLANG_CXX_LANGUAGE_STANDARD = "gnu++14";
				CLANG_CXX_LIBRARY = "libc++";
				CLANG_ENABLE_MODULES = YES;
				CLANG_ENABLE_OBJC_ARC = YES;
				CLANG_WARN_BLOCK_CAPTURE_AUTORELEASING = YES;
				CLANG_WARN_BOOL_CONVERSION = YES;
				CLANG_WARN_COMMA = YES;
				CLANG_WARN_CONSTANT_CONVERSION = YES;
				CLANG_WARN_DIRECT_OBJC_ISA_USAGE = YES_ERROR;
				CLANG_WARN_DOCUMENTATION_COMMENTS = YES;
				CLANG_WARN_EMPTY_BODY = YES;
				CLANG_WARN_ENUM_CONVERSION = YES;
				CLANG_WARN_INFINITE_RECURSION = YES;
				CLANG_WARN_INT_CONVERSION = YES;
				CLANG_WARN_NON_LITERAL_NULL_CONVERSION = YES;
				CLANG_WARN_OBJC_LITERAL_CONVERSION = YES;
				CLANG_WARN_OBJC_ROOT_CLASS = YES_ERROR;
				CLANG_WARN_RANGE_LOOP_ANALYSIS = YES;
				CLANG_WARN_STRICT_PROTOTYPES = YES;
				CLANG_WARN_SUSPICIOUS_MOVE = YES;
				CLANG_WARN_UNGUARDED_AVAILABILITY = YES_AGGRESSIVE;
				CLANG_WARN_UNREACHABLE_CODE = YES;
				CLANG_WARN__DUPLICATE_METHOD_MATCH = YES;
				CODE_SIGN_IDENTITY = "iPhone Developer";
				COPY_PHASE_STRIP = NO;
				DEBUG_INFORMATION_FORMAT = "dwarf-with-dsym";
				ENABLE_NS_ASSERTIONS = NO;
				ENABLE_STRICT_OBJC_MSGSEND = YES;
				GCC_C_LANGUAGE_STANDARD = gnu11;
				GCC_NO_COMMON_BLOCKS = YES;
				GCC_WARN_64_TO_32_BIT_CONVERSION = YES;
				GCC_WARN_ABOUT_RETURN_TYPE = YES_ERROR;
				GCC_WARN_UNDECLARED_SELECTOR = YES;
				GCC_WARN_UNINITIALIZED_AUTOS = YES_AGGRESSIVE;
				GCC_WARN_UNUSED_FUNCTION = YES;
				GCC_WARN_UNUSED_VARIABLE = YES;
				IPHONEOS_DEPLOYMENT_TARGET = 11.1;
				MTL_ENABLE_DEBUG_INFO = NO;
				SDKROOT = iphoneos;
				SWIFT_OPTIMIZATION_LEVEL = "-Owholemodule";
				VALIDATE_PRODUCT = YES;
			};
			name = Release;
		};
		DB783EC520CDFE8900401FF8 /* Debug */ = {
			isa = XCBuildConfiguration;
			baseConfigurationReference = F09213EA2BFC12D5F771C808 /* Pods-TheKey.debug.xcconfig */;
			buildSettings = {
				ASSETCATALOG_COMPILER_APPICON_NAME = AppIcon;
				CODE_SIGN_STYLE = Automatic;
				DEVELOPMENT_TEAM = 4433HCMUDY;
				INFOPLIST_FILE = TheKey/Info.plist;
				LD_RUNPATH_SEARCH_PATHS = "$(inherited) @executable_path/Frameworks";
				PRODUCT_BUNDLE_IDENTIFIER = com.gabrielVinagre.TheKey;
				PRODUCT_NAME = "$(TARGET_NAME)";
				SWIFT_VERSION = 4.0;
				TARGETED_DEVICE_FAMILY = "1,2";
			};
			name = Debug;
		};
		DB783EC620CDFE8900401FF8 /* Release */ = {
			isa = XCBuildConfiguration;
			baseConfigurationReference = B40A760382F462630C8D541B /* Pods-TheKey.release.xcconfig */;
			buildSettings = {
				ASSETCATALOG_COMPILER_APPICON_NAME = AppIcon;
				CODE_SIGN_STYLE = Automatic;
				DEVELOPMENT_TEAM = 4433HCMUDY;
				INFOPLIST_FILE = TheKey/Info.plist;
				LD_RUNPATH_SEARCH_PATHS = "$(inherited) @executable_path/Frameworks";
				PRODUCT_BUNDLE_IDENTIFIER = com.gabrielVinagre.TheKey;
				PRODUCT_NAME = "$(TARGET_NAME)";
				SWIFT_VERSION = 4.0;
				TARGETED_DEVICE_FAMILY = "1,2";
			};
			name = Release;
		};
/* End XCBuildConfiguration section */

/* Begin XCConfigurationList section */
		DB783EAD20CDFE8900401FF8 /* Build configuration list for PBXProject "TheKey" */ = {
			isa = XCConfigurationList;
			buildConfigurations = (
				DB783EC220CDFE8900401FF8 /* Debug */,
				DB783EC320CDFE8900401FF8 /* Release */,
			);
			defaultConfigurationIsVisible = 0;
			defaultConfigurationName = Release;
		};
		DB783EC420CDFE8900401FF8 /* Build configuration list for PBXNativeTarget "TheKey" */ = {
			isa = XCConfigurationList;
			buildConfigurations = (
				DB783EC520CDFE8900401FF8 /* Debug */,
				DB783EC620CDFE8900401FF8 /* Release */,
			);
			defaultConfigurationIsVisible = 0;
			defaultConfigurationName = Release;
		};
/* End XCConfigurationList section */
	};
	rootObject = DB783EAA20CDFE8900401FF8 /* Project object */;
}
